<?xml version="1.0" encoding="utf-8"?>
<Project ToolsVersion="4.0" xmlns="http://schemas.microsoft.com/developer/msbuild/2003">
  <ItemGroup>
    <ClCompile Include="test.cpp">
      <Filter>Sources</Filter>
    </ClCompile>
    <ClCompile Include="pch.cpp">
      <Filter>Sources</Filter>
    </ClCompile>
    <ClCompile Include="TestAdministrator.cpp">
      <Filter>Sources</Filter>
    </ClCompile>
    <ClCompile Include="TestReader.cpp">
      <Filter>Sources</Filter>
    </ClCompile>
  </ItemGroup>
  <ItemGroup>
    <None Include="packages.config" />
  </ItemGroup>
  <ItemGroup>
    <Filter Include="Sources">
      <UniqueIdentifier>{41b0ee6e-3dd9-4608-82cc-89324e61b043}</UniqueIdentifier>
    </Filter>
    <Filter Include="Headers">
      <UniqueIdentifier>{3e193fde-04c2-4186-8166-b5e0ce6e23a6}</UniqueIdentifier>
    </Filter>
  </ItemGroup>
  <ItemGroup>
    <ClInclude Include="pch.h">
      <Filter>Headers</Filter>
    </ClInclude>
  </ItemGroup>
</Project>